// !$*UTF8*$!
{
	archiveVersion = 1;
	classes = {
	};
	objectVersion = 46;
	objects = {

/* Begin PBXBuildFile section */
		B22312981A475BFE00F7FEB3 /* main.m in Sources */ = {isa = PBXBuildFile; fileRef = B22312971A475BFE00F7FEB3 /* main.m */; };
		B223129B1A475BFE00F7FEB3 /* AppDelegate.m in Sources */ = {isa = PBXBuildFile; fileRef = B223129A1A475BFE00F7FEB3 /* AppDelegate.m */; };
		B223129E1A475BFE00F7FEB3 /* ViewController.m in Sources */ = {isa = PBXBuildFile; fileRef = B223129D1A475BFE00F7FEB3 /* ViewController.m */; };
		B22312A11A475BFE00F7FEB3 /* Main.storyboard in Resources */ = {isa = PBXBuildFile; fileRef = B223129F1A475BFE00F7FEB3 /* Main.storyboard */; };
		B22312A31A475BFE00F7FEB3 /* Images.xcassets in Resources */ = {isa = PBXBuildFile; fileRef = B22312A21A475BFE00F7FEB3 /* Images.xcassets */; };
		B22312A61A475BFE00F7FEB3 /* LaunchScreen.xib in Resources */ = {isa = PBXBuildFile; fileRef = B22312A41A475BFE00F7FEB3 /* LaunchScreen.xib */; };
		B22312B21A475BFE00F7FEB3 /* FirstWatchAppTests.m in Sources */ = {isa = PBXBuildFile; fileRef = B22312B11A475BFE00F7FEB3 /* FirstWatchAppTests.m */; };
		B22312C51A475C4400F7FEB3 /* InterfaceController.m in Sources */ = {isa = PBXBuildFile; fileRef = B22312C41A475C4400F7FEB3 /* InterfaceController.m */; };
		B22312C71A475C4400F7FEB3 /* Images.xcassets in Resources */ = {isa = PBXBuildFile; fileRef = B22312C61A475C4400F7FEB3 /* Images.xcassets */; };
		B22312CB1A475C4400F7FEB3 /* FirstWatchApp WatchKit App.app in Resources */ = {isa = PBXBuildFile; fileRef = B22312CA1A475C4400F7FEB3 /* FirstWatchApp WatchKit App.app */; };
		B22312D31A475C4400F7FEB3 /* Interface.storyboard in Resources */ = {isa = PBXBuildFile; fileRef = B22312D11A475C4400F7FEB3 /* Interface.storyboard */; };
		B22312D51A475C4400F7FEB3 /* Images.xcassets in Resources */ = {isa = PBXBuildFile; fileRef = B22312D41A475C4400F7FEB3 /* Images.xcassets */; };
		B22312D81A475C4400F7FEB3 /* FirstWatchApp WatchKit Extension.appex in Embed App Extensions */ = {isa = PBXBuildFile; fileRef = B22312BF1A475C4400F7FEB3 /* FirstWatchApp WatchKit Extension.appex */; settings = {ATTRIBUTES = (RemoveHeadersOnCopy, ); }; };
/* End PBXBuildFile section */

/* Begin PBXContainerItemProxy section */
		B22312AC1A475BFE00F7FEB3 /* PBXContainerItemProxy */ = {
			isa = PBXContainerItemProxy;
			containerPortal = B223128A1A475BFE00F7FEB3 /* Project object */;
			proxyType = 1;
			remoteGlobalIDString = B22312911A475BFE00F7FEB3;
			remoteInfo = FirstWatchApp;
		};
		B22312CC1A475C4400F7FEB3 /* PBXContainerItemProxy */ = {
			isa = PBXContainerItemProxy;
			containerPortal = B223128A1A475BFE00F7FEB3 /* Project object */;
			proxyType = 1;
			remoteGlobalIDString = B22312C91A475C4400F7FEB3;
			remoteInfo = "FirstWatchApp WatchKit App";
		};
		B22312D61A475C4400F7FEB3 /* PBXContainerItemProxy */ = {
			isa = PBXContainerItemProxy;
			containerPortal = B223128A1A475BFE00F7FEB3 /* Project object */;
			proxyType = 1;
			remoteGlobalIDString = B22312BE1A475C4400F7FEB3;
			remoteInfo = "FirstWatchApp WatchKit Extension";
		};
/* End PBXContainerItemProxy section */

/* Begin PBXCopyFilesBuildPhase section */
		B22312DF1A475C4400F7FEB3 /* Embed App Extensions */ = {
			isa = PBXCopyFilesBuildPhase;
			buildActionMask = 2147483647;
			dstPath = "";
			dstSubfolderSpec = 13;
			files = (
				B22312D81A475C4400F7FEB3 /* FirstWatchApp WatchKit Extension.appex in Embed App Extensions */,
			);
			name = "Embed App Extensions";
			runOnlyForDeploymentPostprocessing = 0;
		};
/* End PBXCopyFilesBuildPhase section */

/* Begin PBXFileReference section */
		B22312921A475BFE00F7FEB3 /* FirstWatchApp.app */ = {isa = PBXFileReference; explicitFileType = wrapper.application; includeInIndex = 0; path = FirstWatchApp.app; sourceTree = BUILT_PRODUCTS_DIR; };
		B22312961A475BFE00F7FEB3 /* Info.plist */ = {isa = PBXFileReference; lastKnownFileType = text.plist.xml; path = Info.plist; sourceTree = "<group>"; };
		B22312971A475BFE00F7FEB3 /* main.m */ = {isa = PBXFileReference; lastKnownFileType = sourcecode.c.objc; path = main.m; sourceTree = "<group>"; };
		B22312991A475BFE00F7FEB3 /* AppDelegate.h */ = {isa = PBXFileReference; lastKnownFileType = sourcecode.c.h; path = AppDelegate.h; sourceTree = "<group>"; };
		B223129A1A475BFE00F7FEB3 /* AppDelegate.m */ = {isa = PBXFileReference; lastKnownFileType = sourcecode.c.objc; path = AppDelegate.m; sourceTree = "<group>"; };
		B223129C1A475BFE00F7FEB3 /* ViewController.h */ = {isa = PBXFileReference; lastKnownFileType = sourcecode.c.h; path = ViewController.h; sourceTree = "<group>"; };
		B223129D1A475BFE00F7FEB3 /* ViewController.m */ = {isa = PBXFileReference; lastKnownFileType = sourcecode.c.objc; path = ViewController.m; sourceTree = "<group>"; };
		B22312A01A475BFE00F7FEB3 /* Base */ = {isa = PBXFileReference; lastKnownFileType = file.storyboard; name = Base; path = Base.lproj/Main.storyboard; sourceTree = "<group>"; };
		B22312A21A475BFE00F7FEB3 /* Images.xcassets */ = {isa = PBXFileReference; lastKnownFileType = folder.assetcatalog; path = Images.xcassets; sourceTree = "<group>"; };
		B22312A51A475BFE00F7FEB3 /* Base */ = {isa = PBXFileReference; lastKnownFileType = file.xib; name = Base; path = Base.lproj/LaunchScreen.xib; sourceTree = "<group>"; };
		B22312AB1A475BFE00F7FEB3 /* FirstWatchAppTests.xctest */ = {isa = PBXFileReference; explicitFileType = wrapper.cfbundle; includeInIndex = 0; path = FirstWatchAppTests.xctest; sourceTree = BUILT_PRODUCTS_DIR; };
		B22312B01A475BFE00F7FEB3 /* Info.plist */ = {isa = PBXFileReference; lastKnownFileType = text.plist.xml; path = Info.plist; sourceTree = "<group>"; };
		B22312B11A475BFE00F7FEB3 /* FirstWatchAppTests.m */ = {isa = PBXFileReference; lastKnownFileType = sourcecode.c.objc; path = FirstWatchAppTests.m; sourceTree = "<group>"; };
		B22312BF1A475C4400F7FEB3 /* FirstWatchApp WatchKit Extension.appex */ = {isa = PBXFileReference; explicitFileType = "wrapper.app-extension"; includeInIndex = 0; path = "FirstWatchApp WatchKit Extension.appex"; sourceTree = BUILT_PRODUCTS_DIR; };
		B22312C21A475C4400F7FEB3 /* Info.plist */ = {isa = PBXFileReference; lastKnownFileType = text.plist.xml; path = Info.plist; sourceTree = "<group>"; };
		B22312C31A475C4400F7FEB3 /* InterfaceController.h */ = {isa = PBXFileReference; lastKnownFileType = sourcecode.c.h; path = InterfaceController.h; sourceTree = "<group>"; };
		B22312C41A475C4400F7FEB3 /* InterfaceController.m */ = {isa = PBXFileReference; lastKnownFileType = sourcecode.c.objc; path = InterfaceController.m; sourceTree = "<group>"; };
		B22312C61A475C4400F7FEB3 /* Images.xcassets */ = {isa = PBXFileReference; lastKnownFileType = folder.assetcatalog; path = Images.xcassets; sourceTree = "<group>"; };
		B22312CA1A475C4400F7FEB3 /* FirstWatchApp WatchKit App.app */ = {isa = PBXFileReference; explicitFileType = wrapper.application; includeInIndex = 0; path = "FirstWatchApp WatchKit App.app"; sourceTree = BUILT_PRODUCTS_DIR; };
		B22312D01A475C4400F7FEB3 /* Info.plist */ = {isa = PBXFileReference; lastKnownFileType = text.plist.xml; path = Info.plist; sourceTree = "<group>"; };
		B22312D21A475C4400F7FEB3 /* Base */ = {isa = PBXFileReference; lastKnownFileType = file.storyboard; name = Base; path = Base.lproj/Interface.storyboard; sourceTree = "<group>"; };
		B22312D41A475C4400F7FEB3 /* Images.xcassets */ = {isa = PBXFileReference; lastKnownFileType = folder.assetcatalog; path = Images.xcassets; sourceTree = "<group>"; };
		B22312E01A47614B00F7FEB3 /* FirstWatchApp WatchKit Extension.entitlements */ = {isa = PBXFileReference; lastKnownFileType = text.xml; path = "FirstWatchApp WatchKit Extension.entitlements"; sourceTree = "<group>"; };
		B22312E11A47617500F7FEB3 /* FirstWatchApp.entitlements */ = {isa = PBXFileReference; lastKnownFileType = text.xml; path = FirstWatchApp.entitlements; sourceTree = "<group>"; };
/* End PBXFileReference section */

/* Begin PBXFrameworksBuildPhase section */
		B223128F1A475BFE00F7FEB3 /* Frameworks */ = {
			isa = PBXFrameworksBuildPhase;
			buildActionMask = 2147483647;
			files = (
			);
			runOnlyForDeploymentPostprocessing = 0;
		};
		B22312A81A475BFE00F7FEB3 /* Frameworks */ = {
			isa = PBXFrameworksBuildPhase;
			buildActionMask = 2147483647;
			files = (
			);
			runOnlyForDeploymentPostprocessing = 0;
		};
		B22312BC1A475C4400F7FEB3 /* Frameworks */ = {
			isa = PBXFrameworksBuildPhase;
			buildActionMask = 2147483647;
			files = (
			);
			runOnlyForDeploymentPostprocessing = 0;
		};
/* End PBXFrameworksBuildPhase section */

/* Begin PBXGroup section */
		B22312891A475BFE00F7FEB3 = {
			isa = PBXGroup;
			children = (
				B22312941A475BFE00F7FEB3 /* FirstWatchApp */,
				B22312AE1A475BFE00F7FEB3 /* FirstWatchAppTests */,
				B22312C01A475C4400F7FEB3 /* FirstWatchApp WatchKit Extension */,
				B22312CE1A475C4400F7FEB3 /* FirstWatchApp WatchKit App */,
				B22312931A475BFE00F7FEB3 /* Products */,
			);
			sourceTree = "<group>";
		};
		B22312931A475BFE00F7FEB3 /* Products */ = {
			isa = PBXGroup;
			children = (
				B22312921A475BFE00F7FEB3 /* FirstWatchApp.app */,
				B22312AB1A475BFE00F7FEB3 /* FirstWatchAppTests.xctest */,
				B22312BF1A475C4400F7FEB3 /* FirstWatchApp WatchKit Extension.appex */,
				B22312CA1A475C4400F7FEB3 /* FirstWatchApp WatchKit App.app */,
			);
			name = Products;
			sourceTree = "<group>";
		};
		B22312941A475BFE00F7FEB3 /* FirstWatchApp */ = {
			isa = PBXGroup;
			children = (
				B22312E11A47617500F7FEB3 /* FirstWatchApp.entitlements */,
				B22312991A475BFE00F7FEB3 /* AppDelegate.h */,
				B223129A1A475BFE00F7FEB3 /* AppDelegate.m */,
				B223129C1A475BFE00F7FEB3 /* ViewController.h */,
				B223129D1A475BFE00F7FEB3 /* ViewController.m */,
				B223129F1A475BFE00F7FEB3 /* Main.storyboard */,
				B22312A21A475BFE00F7FEB3 /* Images.xcassets */,
				B22312A41A475BFE00F7FEB3 /* LaunchScreen.xib */,
				B22312951A475BFE00F7FEB3 /* Supporting Files */,
			);
			path = FirstWatchApp;
			sourceTree = "<group>";
		};
		B22312951A475BFE00F7FEB3 /* Supporting Files */ = {
			isa = PBXGroup;
			children = (
				B22312961A475BFE00F7FEB3 /* Info.plist */,
				B22312971A475BFE00F7FEB3 /* main.m */,
			);
			name = "Supporting Files";
			sourceTree = "<group>";
		};
		B22312AE1A475BFE00F7FEB3 /* FirstWatchAppTests */ = {
			isa = PBXGroup;
			children = (
				B22312B11A475BFE00F7FEB3 /* FirstWatchAppTests.m */,
				B22312AF1A475BFE00F7FEB3 /* Supporting Files */,
			);
			path = FirstWatchAppTests;
			sourceTree = "<group>";
		};
		B22312AF1A475BFE00F7FEB3 /* Supporting Files */ = {
			isa = PBXGroup;
			children = (
				B22312B01A475BFE00F7FEB3 /* Info.plist */,
			);
			name = "Supporting Files";
			sourceTree = "<group>";
		};
		B22312C01A475C4400F7FEB3 /* FirstWatchApp WatchKit Extension */ = {
			isa = PBXGroup;
			children = (
				B22312E01A47614B00F7FEB3 /* FirstWatchApp WatchKit Extension.entitlements */,
				B22312C31A475C4400F7FEB3 /* InterfaceController.h */,
				B22312C41A475C4400F7FEB3 /* InterfaceController.m */,
				B22312C61A475C4400F7FEB3 /* Images.xcassets */,
				B22312C11A475C4400F7FEB3 /* Supporting Files */,
			);
			path = "FirstWatchApp WatchKit Extension";
			sourceTree = "<group>";
		};
		B22312C11A475C4400F7FEB3 /* Supporting Files */ = {
			isa = PBXGroup;
			children = (
				B22312C21A475C4400F7FEB3 /* Info.plist */,
			);
			name = "Supporting Files";
			sourceTree = "<group>";
		};
		B22312CE1A475C4400F7FEB3 /* FirstWatchApp WatchKit App */ = {
			isa = PBXGroup;
			children = (
				B22312D11A475C4400F7FEB3 /* Interface.storyboard */,
				B22312D41A475C4400F7FEB3 /* Images.xcassets */,
				B22312CF1A475C4400F7FEB3 /* Supporting Files */,
			);
			path = "FirstWatchApp WatchKit App";
			sourceTree = "<group>";
		};
		B22312CF1A475C4400F7FEB3 /* Supporting Files */ = {
			isa = PBXGroup;
			children = (
				B22312D01A475C4400F7FEB3 /* Info.plist */,
			);
			name = "Supporting Files";
			sourceTree = "<group>";
		};
/* End PBXGroup section */

/* Begin PBXNativeTarget section */
		B22312911A475BFE00F7FEB3 /* FirstWatchApp */ = {
			isa = PBXNativeTarget;
			buildConfigurationList = B22312B51A475BFE00F7FEB3 /* Build configuration list for PBXNativeTarget "FirstWatchApp" */;
			buildPhases = (
				B223128E1A475BFE00F7FEB3 /* Sources */,
				B223128F1A475BFE00F7FEB3 /* Frameworks */,
				B22312901A475BFE00F7FEB3 /* Resources */,
				B22312DF1A475C4400F7FEB3 /* Embed App Extensions */,
			);
			buildRules = (
			);
			dependencies = (
				B22312D71A475C4400F7FEB3 /* PBXTargetDependency */,
			);
			name = FirstWatchApp;
			productName = FirstWatchApp;
			productReference = B22312921A475BFE00F7FEB3 /* FirstWatchApp.app */;
			productType = "com.apple.product-type.application";
		};
		B22312AA1A475BFE00F7FEB3 /* FirstWatchAppTests */ = {
			isa = PBXNativeTarget;
			buildConfigurationList = B22312B81A475BFE00F7FEB3 /* Build configuration list for PBXNativeTarget "FirstWatchAppTests" */;
			buildPhases = (
				B22312A71A475BFE00F7FEB3 /* Sources */,
				B22312A81A475BFE00F7FEB3 /* Frameworks */,
				B22312A91A475BFE00F7FEB3 /* Resources */,
			);
			buildRules = (
			);
			dependencies = (
				B22312AD1A475BFE00F7FEB3 /* PBXTargetDependency */,
			);
			name = FirstWatchAppTests;
			productName = FirstWatchAppTests;
			productReference = B22312AB1A475BFE00F7FEB3 /* FirstWatchAppTests.xctest */;
			productType = "com.apple.product-type.bundle.unit-test";
		};
		B22312BE1A475C4400F7FEB3 /* FirstWatchApp WatchKit Extension */ = {
			isa = PBXNativeTarget;
			buildConfigurationList = B22312DC1A475C4400F7FEB3 /* Build configuration list for PBXNativeTarget "FirstWatchApp WatchKit Extension" */;
			buildPhases = (
				B22312BB1A475C4400F7FEB3 /* Sources */,
				B22312BC1A475C4400F7FEB3 /* Frameworks */,
				B22312BD1A475C4400F7FEB3 /* Resources */,
			);
			buildRules = (
			);
			dependencies = (
				B22312CD1A475C4400F7FEB3 /* PBXTargetDependency */,
			);
			name = "FirstWatchApp WatchKit Extension";
			productName = "FirstWatchApp WatchKit Extension";
			productReference = B22312BF1A475C4400F7FEB3 /* FirstWatchApp WatchKit Extension.appex */;
			productType = "com.apple.product-type.watchkit-extension";
		};
		B22312C91A475C4400F7FEB3 /* FirstWatchApp WatchKit App */ = {
			isa = PBXNativeTarget;
			buildConfigurationList = B22312D91A475C4400F7FEB3 /* Build configuration list for PBXNativeTarget "FirstWatchApp WatchKit App" */;
			buildPhases = (
				B22312C81A475C4400F7FEB3 /* Resources */,
			);
			buildRules = (
			);
			dependencies = (
			);
			name = "FirstWatchApp WatchKit App";
			productName = "FirstWatchApp WatchKit App";
			productReference = B22312CA1A475C4400F7FEB3 /* FirstWatchApp WatchKit App.app */;
			productType = "com.apple.product-type.application.watchapp";
		};
/* End PBXNativeTarget section */

/* Begin PBXProject section */
		B223128A1A475BFE00F7FEB3 /* Project object */ = {
			isa = PBXProject;
			attributes = {
				LastUpgradeCheck = 0620;
				ORGANIZATIONNAME = PlumChoice;
				TargetAttributes = {
					B22312911A475BFE00F7FEB3 = {
						CreatedOnToolsVersion = 6.2;
						DevelopmentTeam = PD7FF56WU3;
						SystemCapabilities = {
							com.apple.ApplicationGroups.iOS = {
								enabled = 1;
							};
						};
					};
					B22312AA1A475BFE00F7FEB3 = {
						CreatedOnToolsVersion = 6.2;
						TestTargetID = B22312911A475BFE00F7FEB3;
					};
					B22312BE1A475C4400F7FEB3 = {
						CreatedOnToolsVersion = 6.2;
						DevelopmentTeam = PD7FF56WU3;
						SystemCapabilities = {
							com.apple.ApplicationGroups.iOS = {
								enabled = 1;
							};
						};
					};
					B22312C91A475C4400F7FEB3 = {
						CreatedOnToolsVersion = 6.2;
					};
				};
			};
			buildConfigurationList = B223128D1A475BFE00F7FEB3 /* Build configuration list for PBXProject "FirstWatchApp" */;
			compatibilityVersion = "Xcode 3.2";
			developmentRegion = English;
			hasScannedForEncodings = 0;
			knownRegions = (
				en,
				Base,
			);
			mainGroup = B22312891A475BFE00F7FEB3;
			productRefGroup = B22312931A475BFE00F7FEB3 /* Products */;
			projectDirPath = "";
			projectRoot = "";
			targets = (
				B22312911A475BFE00F7FEB3 /* FirstWatchApp */,
				B22312AA1A475BFE00F7FEB3 /* FirstWatchAppTests */,
				B22312BE1A475C4400F7FEB3 /* FirstWatchApp WatchKit Extension */,
				B22312C91A475C4400F7FEB3 /* FirstWatchApp WatchKit App */,
			);
		};
/* End PBXProject section */

/* Begin PBXResourcesBuildPhase section */
		B22312901A475BFE00F7FEB3 /* Resources */ = {
			isa = PBXResourcesBuildPhase;
			buildActionMask = 2147483647;
			files = (
				B22312A11A475BFE00F7FEB3 /* Main.storyboard in Resources */,
				B22312A61A475BFE00F7FEB3 /* LaunchScreen.xib in Resources */,
				B22312A31A475BFE00F7FEB3 /* Images.xcassets in Resources */,
			);
			runOnlyForDeploymentPostprocessing = 0;
		};
		B22312A91A475BFE00F7FEB3 /* Resources */ = {
			isa = PBXResourcesBuildPhase;
			buildActionMask = 2147483647;
			files = (
			);
			runOnlyForDeploymentPostprocessing = 0;
		};
		B22312BD1A475C4400F7FEB3 /* Resources */ = {
			isa = PBXResourcesBuildPhase;
			buildActionMask = 2147483647;
			files = (
				B22312C71A475C4400F7FEB3 /* Images.xcassets in Resources */,
				B22312CB1A475C4400F7FEB3 /* FirstWatchApp WatchKit App.app in Resources */,
			);
			runOnlyForDeploymentPostprocessing = 0;
		};
		B22312C81A475C4400F7FEB3 /* Resources */ = {
			isa = PBXResourcesBuildPhase;
			buildActionMask = 2147483647;
			files = (
				B22312D31A475C4400F7FEB3 /* Interface.storyboard in Resources */,
				B22312D51A475C4400F7FEB3 /* Images.xcassets in Resources */,
			);
			runOnlyForDeploymentPostprocessing = 0;
		};
/* End PBXResourcesBuildPhase section */

/* Begin PBXSourcesBuildPhase section */
		B223128E1A475BFE00F7FEB3 /* Sources */ = {
			isa = PBXSourcesBuildPhase;
			buildActionMask = 2147483647;
			files = (
				B223129E1A475BFE00F7FEB3 /* ViewController.m in Sources */,
				B223129B1A475BFE00F7FEB3 /* AppDelegate.m in Sources */,
				B22312981A475BFE00F7FEB3 /* main.m in Sources */,
			);
			runOnlyForDeploymentPostprocessing = 0;
		};
		B22312A71A475BFE00F7FEB3 /* Sources */ = {
			isa = PBXSourcesBuildPhase;
			buildActionMask = 2147483647;
			files = (
				B22312B21A475BFE00F7FEB3 /* FirstWatchAppTests.m in Sources */,
			);
			runOnlyForDeploymentPostprocessing = 0;
		};
		B22312BB1A475C4400F7FEB3 /* Sources */ = {
			isa = PBXSourcesBuildPhase;
			buildActionMask = 2147483647;
			files = (
				B22312C51A475C4400F7FEB3 /* InterfaceController.m in Sources */,
			);
			runOnlyForDeploymentPostprocessing = 0;
		};
/* End PBXSourcesBuildPhase section */

/* Begin PBXTargetDependency section */
		B22312AD1A475BFE00F7FEB3 /* PBXTargetDependency */ = {
			isa = PBXTargetDependency;
			target = B22312911A475BFE00F7FEB3 /* FirstWatchApp */;
			targetProxy = B22312AC1A475BFE00F7FEB3 /* PBXContainerItemProxy */;
		};
		B22312CD1A475C4400F7FEB3 /* PBXTargetDependency */ = {
			isa = PBXTargetDependency;
			target = B22312C91A475C4400F7FEB3 /* FirstWatchApp WatchKit App */;
			targetProxy = B22312CC1A475C4400F7FEB3 /* PBXContainerItemProxy */;
		};
		B22312D71A475C4400F7FEB3 /* PBXTargetDependency */ = {
			isa = PBXTargetDependency;
			target = B22312BE1A475C4400F7FEB3 /* FirstWatchApp WatchKit Extension */;
			targetProxy = B22312D61A475C4400F7FEB3 /* PBXContainerItemProxy */;
		};
/* End PBXTargetDependency section */

/* Begin PBXVariantGroup section */
		B223129F1A475BFE00F7FEB3 /* Main.storyboard */ = {
			isa = PBXVariantGroup;
			children = (
				B22312A01A475BFE00F7FEB3 /* Base */,
			);
			name = Main.storyboard;
			sourceTree = "<group>";
		};
		B22312A41A475BFE00F7FEB3 /* LaunchScreen.xib */ = {
			isa = PBXVariantGroup;
			children = (
				B22312A51A475BFE00F7FEB3 /* Base */,
			);
			name = LaunchScreen.xib;
			sourceTree = "<group>";
		};
		B22312D11A475C4400F7FEB3 /* Interface.storyboard */ = {
			isa = PBXVariantGroup;
			children = (
				B22312D21A475C4400F7FEB3 /* Base */,
			);
			name = Interface.storyboard;
			sourceTree = "<group>";
		};
/* End PBXVariantGroup section */

/* Begin XCBuildConfiguration section */
		B22312B31A475BFE00F7FEB3 /* Debug */ = {
			isa = XCBuildConfiguration;
			buildSettings = {
				ALWAYS_SEARCH_USER_PATHS = NO;
				CLANG_CXX_LANGUAGE_STANDARD = "gnu++0x";
				CLANG_CXX_LIBRARY = "libc++";
				CLANG_ENABLE_MODULES = YES;
				CLANG_ENABLE_OBJC_ARC = YES;
				CLANG_WARN_BOOL_CONVERSION = YES;
				CLANG_WARN_CONSTANT_CONVERSION = YES;
				CLANG_WARN_DIRECT_OBJC_ISA_USAGE = YES_ERROR;
				CLANG_WARN_EMPTY_BODY = YES;
				CLANG_WARN_ENUM_CONVERSION = YES;
				CLANG_WARN_INT_CONVERSION = YES;
				CLANG_WARN_OBJC_ROOT_CLASS = YES_ERROR;
				CLANG_WARN_UNREACHABLE_CODE = YES;
				CLANG_WARN__DUPLICATE_METHOD_MATCH = YES;
				"CODE_SIGN_IDENTITY[sdk=iphoneos*]" = "iPhone Developer";
				COPY_PHASE_STRIP = NO;
				ENABLE_STRICT_OBJC_MSGSEND = YES;
				GCC_C_LANGUAGE_STANDARD = gnu99;
				GCC_DYNAMIC_NO_PIC = NO;
				GCC_OPTIMIZATION_LEVEL = 0;
				GCC_PREPROCESSOR_DEFINITIONS = (
					"DEBUG=1",
					"$(inherited)",
				);
				GCC_SYMBOLS_PRIVATE_EXTERN = NO;
				GCC_WARN_64_TO_32_BIT_CONVERSION = YES;
				GCC_WARN_ABOUT_RETURN_TYPE = YES_ERROR;
				GCC_WARN_UNDECLARED_SELECTOR = YES;
				GCC_WARN_UNINITIALIZED_AUTOS = YES_AGGRESSIVE;
				GCC_WARN_UNUSED_FUNCTION = YES;
				GCC_WARN_UNUSED_VARIABLE = YES;
				IPHONEOS_DEPLOYMENT_TARGET = 8.2;
				MTL_ENABLE_DEBUG_INFO = YES;
				ONLY_ACTIVE_ARCH = YES;
				SDKROOT = iphoneos;
				TARGETED_DEVICE_FAMILY = "1,2";
			};
			name = Debug;
		};
		B22312B41A475BFE00F7FEB3 /* Release */ = {
			isa = XCBuildConfiguration;
			buildSettings = {
				ALWAYS_SEARCH_USER_PATHS = NO;
				CLANG_CXX_LANGUAGE_STANDARD = "gnu++0x";
				CLANG_CXX_LIBRARY = "libc++";
				CLANG_ENABLE_MODULES = YES;
				CLANG_ENABLE_OBJC_ARC = YES;
				CLANG_WARN_BOOL_CONVERSION = YES;
				CLANG_WARN_CONSTANT_CONVERSION = YES;
				CLANG_WARN_DIRECT_OBJC_ISA_USAGE = YES_ERROR;
				CLANG_WARN_EMPTY_BODY = YES;
				CLANG_WARN_ENUM_CONVERSION = YES;
				CLANG_WARN_INT_CONVERSION = YES;
				CLANG_WARN_OBJC_ROOT_CLASS = YES_ERROR;
				CLANG_WARN_UNREACHABLE_CODE = YES;
				CLANG_WARN__DUPLICATE_METHOD_MATCH = YES;
				"CODE_SIGN_IDENTITY[sdk=iphoneos*]" = "iPhone Developer";
				COPY_PHASE_STRIP = NO;
				ENABLE_NS_ASSERTIONS = NO;
				ENABLE_STRICT_OBJC_MSGSEND = YES;
				GCC_C_LANGUAGE_STANDARD = gnu99;
				GCC_WARN_64_TO_32_BIT_CONVERSION = YES;
				GCC_WARN_ABOUT_RETURN_TYPE = YES_ERROR;
				GCC_WARN_UNDECLARED_SELECTOR = YES;
				GCC_WARN_UNINITIALIZED_AUTOS = YES_AGGRESSIVE;
				GCC_WARN_UNUSED_FUNCTION = YES;
				GCC_WARN_UNUSED_VARIABLE = YES;
				IPHONEOS_DEPLOYMENT_TARGET = 8.2;
				MTL_ENABLE_DEBUG_INFO = NO;
				SDKROOT = iphoneos;
				TARGETED_DEVICE_FAMILY = "1,2";
				VALIDATE_PRODUCT = YES;
			};
			name = Release;
		};
		B22312B61A475BFE00F7FEB3 /* Debug */ = {
			isa = XCBuildConfiguration;
			buildSettings = {
				ASSETCATALOG_COMPILER_APPICON_NAME = AppIcon;
				CODE_SIGN_ENTITLEMENTS = FirstWatchApp/FirstWatchApp.entitlements;
				CODE_SIGN_IDENTITY = "iPhone Developer";
				"CODE_SIGN_IDENTITY[sdk=iphoneos*]" = "iPhone Developer";
				INFOPLIST_FILE = FirstWatchApp/Info.plist;
				LD_RUNPATH_SEARCH_PATHS = "$(inherited) @executable_path/Frameworks";
				PRODUCT_NAME = "$(TARGET_NAME)";
				PROVISIONING_PROFILE = "";
			};
			name = Debug;
		};
		B22312B71A475BFE00F7FEB3 /* Release */ = {
			isa = XCBuildConfiguration;
			buildSettings = {
				ASSETCATALOG_COMPILER_APPICON_NAME = AppIcon;
				CODE_SIGN_ENTITLEMENTS = FirstWatchApp/FirstWatchApp.entitlements;
				CODE_SIGN_IDENTITY = "iPhone Developer";
				"CODE_SIGN_IDENTITY[sdk=iphoneos*]" = "iPhone Developer";
				INFOPLIST_FILE = FirstWatchApp/Info.plist;
				LD_RUNPATH_SEARCH_PATHS = "$(inherited) @executable_path/Frameworks";
				PRODUCT_NAME = "$(TARGET_NAME)";
				PROVISIONING_PROFILE = "";
			};
			name = Release;
		};
		B22312B91A475BFE00F7FEB3 /* Debug */ = {
			isa = XCBuildConfiguration;
			buildSettings = {
				BUNDLE_LOADER = "$(TEST_HOST)";
				FRAMEWORK_SEARCH_PATHS = (
					"$(SDKROOT)/Developer/Library/Frameworks",
					"$(inherited)",
				);
				GCC_PREPROCESSOR_DEFINITIONS = (
					"DEBUG=1",
					"$(inherited)",
				);
				INFOPLIST_FILE = FirstWatchAppTests/Info.plist;
				LD_RUNPATH_SEARCH_PATHS = "$(inherited) @executable_path/Frameworks @loader_path/Frameworks";
				PRODUCT_NAME = "$(TARGET_NAME)";
				TEST_HOST = "$(BUILT_PRODUCTS_DIR)/FirstWatchApp.app/FirstWatchApp";
			};
			name = Debug;
		};
		B22312BA1A475BFE00F7FEB3 /* Release */ = {
			isa = XCBuildConfiguration;
			buildSettings = {
				BUNDLE_LOADER = "$(TEST_HOST)";
				FRAMEWORK_SEARCH_PATHS = (
					"$(SDKROOT)/Developer/Library/Frameworks",
					"$(inherited)",
				);
				INFOPLIST_FILE = FirstWatchAppTests/Info.plist;
				LD_RUNPATH_SEARCH_PATHS = "$(inherited) @executable_path/Frameworks @loader_path/Frameworks";
				PRODUCT_NAME = "$(TARGET_NAME)";
				TEST_HOST = "$(BUILT_PRODUCTS_DIR)/FirstWatchApp.app/FirstWatchApp";
			};
			name = Release;
		};
		B22312DA1A475C4400F7FEB3 /* Debug */ = {
			isa = XCBuildConfiguration;
			buildSettings = {
				ASSETCATALOG_COMPILER_APPICON_NAME = AppIcon;
				ASSETCATALOG_COMPILER_LAUNCHIMAGE_NAME = LaunchImage;
				GCC_PREPROCESSOR_DEFINITIONS = (
					"DEBUG=1",
					"$(inherited)",
				);
				IBSC_MODULE = FirstWatchApp_WatchKit_Extension;
				INFOPLIST_FILE = "FirstWatchApp WatchKit App/Info.plist";
				PRODUCT_NAME = "$(TARGET_NAME)";
				SKIP_INSTALL = YES;
				TARGETED_DEVICE_FAMILY = 4;
				"TARGETED_DEVICE_FAMILY[sdk=iphonesimulator*]" = "1,4";
			};
			name = Debug;
		};
		B22312DB1A475C4400F7FEB3 /* Release */ = {
			isa = XCBuildConfiguration;
			buildSettings = {
				ASSETCATALOG_COMPILER_APPICON_NAME = AppIcon;
				ASSETCATALOG_COMPILER_LAUNCHIMAGE_NAME = LaunchImage;
				IBSC_MODULE = FirstWatchApp_WatchKit_Extension;
				INFOPLIST_FILE = "FirstWatchApp WatchKit App/Info.plist";
				PRODUCT_NAME = "$(TARGET_NAME)";
				SKIP_INSTALL = YES;
				TARGETED_DEVICE_FAMILY = 4;
				"TARGETED_DEVICE_FAMILY[sdk=iphonesimulator*]" = "1,4";
			};
			name = Release;
		};
		B22312DD1A475C4400F7FEB3 /* Debug */ = {
			isa = XCBuildConfiguration;
			buildSettings = {
				CODE_SIGN_ENTITLEMENTS = "FirstWatchApp WatchKit Extension/FirstWatchApp WatchKit Extension.entitlements";
				CODE_SIGN_IDENTITY = "iPhone Developer";
				"CODE_SIGN_IDENTITY[sdk=iphoneos*]" = "iPhone Developer";
				GCC_PREPROCESSOR_DEFINITIONS = (
					"DEBUG=1",
					"$(inherited)",
				);
				INFOPLIST_FILE = "FirstWatchApp WatchKit Extension/Info.plist";
				LD_RUNPATH_SEARCH_PATHS = "$(inherited) @executable_path/Frameworks @executable_path/../../Frameworks";
				PRODUCT_NAME = "${TARGET_NAME}";
				PROVISIONING_PROFILE = "";
				SKIP_INSTALL = YES;
			};
			name = Debug;
		};
		B22312DE1A475C4400F7FEB3 /* Release */ = {
			isa = XCBuildConfiguration;
			buildSettings = {
				CODE_SIGN_ENTITLEMENTS = "FirstWatchApp WatchKit Extension/FirstWatchApp WatchKit Extension.entitlements";
				CODE_SIGN_IDENTITY = "iPhone Developer";
				"CODE_SIGN_IDENTITY[sdk=iphoneos*]" = "iPhone Developer";
				INFOPLIST_FILE = "FirstWatchApp WatchKit Extension/Info.plist";
				LD_RUNPATH_SEARCH_PATHS = "$(inherited) @executable_path/Frameworks @executable_path/../../Frameworks";
				PRODUCT_NAME = "${TARGET_NAME}";
				PROVISIONING_PROFILE = "";
				SKIP_INSTALL = YES;
			};
			name = Release;
		};
/* End XCBuildConfiguration section */

/* Begin XCConfigurationList section */
		B223128D1A475BFE00F7FEB3 /* Build configuration list for PBXProject "FirstWatchApp" */ = {
			isa = XCConfigurationList;
			buildConfigurations = (
				B22312B31A475BFE00F7FEB3 /* Debug */,
				B22312B41A475BFE00F7FEB3 /* Release */,
			);
			defaultConfigurationIsVisible = 0;
			defaultConfigurationName = Release;
		};
		B22312B51A475BFE00F7FEB3 /* Build configuration list for PBXNativeTarget "FirstWatchApp" */ = {
			isa = XCConfigurationList;
			buildConfigurations = (
				B22312B61A475BFE00F7FEB3 /* Debug */,
				B22312B71A475BFE00F7FEB3 /* Release */,
			);
			defaultConfigurationIsVisible = 0;
		};
		B22312B81A475BFE00F7FEB3 /* Build configuration list for PBXNativeTarget "FirstWatchAppTests" */ = {
			isa = XCConfigurationList;
			buildConfigurations = (
				B22312B91A475BFE00F7FEB3 /* Debug */,
				B22312BA1A475BFE00F7FEB3 /* Release */,
			);
			defaultConfigurationIsVisible = 0;
		};
		B22312D91A475C4400F7FEB3 /* Build configuration list for PBXNativeTarget "FirstWatchApp WatchKit App" */ = {
			isa = XCConfigurationList;
			buildConfigurations = (
				B22312DA1A475C4400F7FEB3 /* Debug */,
				B22312DB1A475C4400F7FEB3 /* Release */,
			);
			defaultConfigurationIsVisible = 0;
		};
		B22312DC1A475C4400F7FEB3 /* Build configuration list for PBXNativeTarget "FirstWatchApp WatchKit Extension" */ = {
			isa = XCConfigurationList;
			buildConfigurations = (
				B22312DD1A475C4400F7FEB3 /* Debug */,
				B22312DE1A475C4400F7FEB3 /* Release */,
			);
			defaultConfigurationIsVisible = 0;
		};
/* End XCConfigurationList section */
	};
	rootObject = B223128A1A475BFE00F7FEB3 /* Project object */;
}
